// !$*UTF8*$!
{
	archiveVersion = 1;
	classes = {
	};
	objectVersion = 46;
	objects = {

/* Begin PBXBuildFile section */
		7AD111311BC9187000909D26 /* main.m in Sources */ = {isa = PBXBuildFile; fileRef = 7AD111301BC9187000909D26 /* main.m */; };
		7AD111341BC9187000909D26 /* AppDelegate.m in Sources */ = {isa = PBXBuildFile; fileRef = 7AD111331BC9187000909D26 /* AppDelegate.m */; };
		7AD111371BC9187000909D26 /* ViewController.m in Sources */ = {isa = PBXBuildFile; fileRef = 7AD111361BC9187000909D26 /* ViewController.m */; };
		7AD1113A1BC9187000909D26 /* Main.storyboard in Resources */ = {isa = PBXBuildFile; fileRef = 7AD111381BC9187000909D26 /* Main.storyboard */; };
		7AD1113C1BC9187000909D26 /* Images.xcassets in Resources */ = {isa = PBXBuildFile; fileRef = 7AD1113B1BC9187000909D26 /* Images.xcassets */; };
		7AD1113F1BC9187000909D26 /* LaunchScreen.xib in Resources */ = {isa = PBXBuildFile; fileRef = 7AD1113D1BC9187000909D26 /* LaunchScreen.xib */; };
		7AD1114B1BC9187000909D26 /* XXTestTests.m in Sources */ = {isa = PBXBuildFile; fileRef = 7AD1114A1BC9187000909D26 /* XXTestTests.m */; };
/* End PBXBuildFile section */

/* Begin PBXContainerItemProxy section */
		7AD111451BC9187000909D26 /* PBXContainerItemProxy */ = {
			isa = PBXContainerItemProxy;
			containerPortal = 7AD111231BC9187000909D26 /* Project object */;
			proxyType = 1;
			remoteGlobalIDString = 7AD1112A1BC9187000909D26;
			remoteInfo = XXTest;
		};
/* End PBXContainerItemProxy section */

/* Begin PBXFileReference section */
		7AD1112B1BC9187000909D26 /* XXTest.app */ = {isa = PBXFileReference; explicitFileType = wrapper.application; includeInIndex = 0; path = XXTest.app; sourceTree = BUILT_PRODUCTS_DIR; };
		7AD1112F1BC9187000909D26 /* Info.plist */ = {isa = PBXFileReference; lastKnownFileType = text.plist.xml; path = Info.plist; sourceTree = "<group>"; };
		7AD111301BC9187000909D26 /* main.m */ = {isa = PBXFileReference; lastKnownFileType = sourcecode.c.objc; path = main.m; sourceTree = "<group>"; };
		7AD111321BC9187000909D26 /* AppDelegate.h */ = {isa = PBXFileReference; lastKnownFileType = sourcecode.c.h; path = AppDelegate.h; sourceTree = "<group>"; };
		7AD111331BC9187000909D26 /* AppDelegate.m */ = {isa = PBXFileReference; lastKnownFileType = sourcecode.c.objc; path = AppDelegate.m; sourceTree = "<group>"; };
		7AD111351BC9187000909D26 /* ViewController.h */ = {isa = PBXFileReference; lastKnownFileType = sourcecode.c.h; path = ViewController.h; sourceTree = "<group>"; };
		7AD111361BC9187000909D26 /* ViewController.m */ = {isa = PBXFileReference; lastKnownFileType = sourcecode.c.objc; path = ViewController.m; sourceTree = "<group>"; };
		7AD111391BC9187000909D26 /* Base */ = {isa = PBXFileReference; lastKnownFileType = file.storyboard; name = Base; path = Base.lproj/Main.storyboard; sourceTree = "<group>"; };
		7AD1113B1BC9187000909D26 /* Images.xcassets */ = {isa = PBXFileReference; lastKnownFileType = folder.assetcatalog; path = Images.xcassets; sourceTree = "<group>"; };
		7AD1113E1BC9187000909D26 /* Base */ = {isa = PBXFileReference; lastKnownFileType = file.xib; name = Base; path = Base.lproj/LaunchScreen.xib; sourceTree = "<group>"; };
		7AD111441BC9187000909D26 /* XXTestTests.xctest */ = {isa = PBXFileReference; explicitFileType = wrapper.cfbundle; includeInIndex = 0; path = XXTestTests.xctest; sourceTree = BUILT_PRODUCTS_DIR; };
		7AD111491BC9187000909D26 /* Info.plist */ = {isa = PBXFileReference; lastKnownFileType = text.plist.xml; path = Info.plist; sourceTree = "<group>"; };
		7AD1114A1BC9187000909D26 /* XXTestTests.m */ = {isa = PBXFileReference; lastKnownFileType = sourcecode.c.objc; path = XXTestTests.m; sourceTree = "<group>"; };
/* End PBXFileReference section */

/* Begin PBXFrameworksBuildPhase section */
		7AD111281BC9187000909D26 /* Frameworks */ = {
			isa = PBXFrameworksBuildPhase;
			buildActionMask = 2147483647;
			files = (
			);
			runOnlyForDeploymentPostprocessing = 0;
		};
		7AD111411BC9187000909D26 /* Frameworks */ = {
			isa = PBXFrameworksBuildPhase;
			buildActionMask = 2147483647;
			files = (
			);
			runOnlyForDeploymentPostprocessing = 0;
		};
/* End PBXFrameworksBuildPhase section */

/* Begin PBXGroup section */
		7AD111221BC9187000909D26 = {
			isa = PBXGroup;
			children = (
				7AD1112D1BC9187000909D26 /* XXTest */,
				7AD111471BC9187000909D26 /* XXTestTests */,
				7AD1112C1BC9187000909D26 /* Products */,
			);
			sourceTree = "<group>";
		};
		7AD1112C1BC9187000909D26 /* Products */ = {
			isa = PBXGroup;
			children = (
				7AD1112B1BC9187000909D26 /* XXTest.app */,
				7AD111441BC9187000909D26 /* XXTestTests.xctest */,
			);
			name = Products;
			sourceTree = "<group>";
		};
		7AD1112D1BC9187000909D26 /* XXTest */ = {
			isa = PBXGroup;
			children = (
				7AD111321BC9187000909D26 /* AppDelegate.h */,
				7AD111331BC9187000909D26 /* AppDelegate.m */,
				7AD111351BC9187000909D26 /* ViewController.h */,
				7AD111361BC9187000909D26 /* ViewController.m */,
				7AD111381BC9187000909D26 /* Main.storyboard */,
				7AD1113B1BC9187000909D26 /* Images.xcassets */,
				7AD1113D1BC9187000909D26 /* LaunchScreen.xib */,
				7AD1112E1BC9187000909D26 /* Supporting Files */,
			);
			path = XXTest;
			sourceTree = "<group>";
		};
		7AD1112E1BC9187000909D26 /* Supporting Files */ = {
			isa = PBXGroup;
			children = (
				7AD1112F1BC9187000909D26 /* Info.plist */,
				7AD111301BC9187000909D26 /* main.m */,
			);
			name = "Supporting Files";
			sourceTree = "<group>";
		};
		7AD111471BC9187000909D26 /* XXTestTests */ = {
			isa = PBXGroup;
			children = (
				7AD1114A1BC9187000909D26 /* XXTestTests.m */,
				7AD111481BC9187000909D26 /* Supporting Files */,
			);
			path = XXTestTests;
			sourceTree = "<group>";
		};
		7AD111481BC9187000909D26 /* Supporting Files */ = {
			isa = PBXGroup;
			children = (
				7AD111491BC9187000909D26 /* Info.plist */,
			);
			name = "Supporting Files";
			sourceTree = "<group>";
		};
/* End PBXGroup section */

/* Begin PBXNativeTarget section */
		7AD1112A1BC9187000909D26 /* XXTest */ = {
			isa = PBXNativeTarget;
			buildConfigurationList = 7AD1114E1BC9187000909D26 /* Build configuration list for PBXNativeTarget "XXTest" */;
			buildPhases = (
				7AD111271BC9187000909D26 /* Sources */,
				7AD111281BC9187000909D26 /* Frameworks */,
				7AD111291BC9187000909D26 /* Resources */,
			);
			buildRules = (
			);
			dependencies = (
			);
			name = XXTest;
			productName = XXTest;
			productReference = 7AD1112B1BC9187000909D26 /* XXTest.app */;
			productType = "com.apple.product-type.application";
		};
		7AD111431BC9187000909D26 /* XXTestTests */ = {
			isa = PBXNativeTarget;
			buildConfigurationList = 7AD111511BC9187000909D26 /* Build configuration list for PBXNativeTarget "XXTestTests" */;
			buildPhases = (
				7AD111401BC9187000909D26 /* Sources */,
				7AD111411BC9187000909D26 /* Frameworks */,
				7AD111421BC9187000909D26 /* Resources */,
			);
			buildRules = (
			);
			dependencies = (
				7AD111461BC9187000909D26 /* PBXTargetDependency */,
			);
			name = XXTestTests;
			productName = XXTestTests;
			productReference = 7AD111441BC9187000909D26 /* XXTestTests.xctest */;
			productType = "com.apple.product-type.bundle.unit-test";
		};
/* End PBXNativeTarget section */

/* Begin PBXProject section */
		7AD111231BC9187000909D26 /* Project object */ = {
			isa = PBXProject;
			attributes = {
				LastUpgradeCheck = 0640;
				ORGANIZATIONNAME = xiaxiangquan;
				TargetAttributes = {
					7AD1112A1BC9187000909D26 = {
						CreatedOnToolsVersion = 6.4;
					};
					7AD111431BC9187000909D26 = {
						CreatedOnToolsVersion = 6.4;
						TestTargetID = 7AD1112A1BC9187000909D26;
					};
				};
			};
			buildConfigurationList = 7AD111261BC9187000909D26 /* Build configuration list for PBXProject "XXTest" */;
			compatibilityVersion = "Xcode 3.2";
			developmentRegion = English;
			hasScannedForEncodings = 0;
			knownRegions = (
				en,
				Base,
			);
			mainGroup = 7AD111221BC9187000909D26;
			productRefGroup = 7AD1112C1BC9187000909D26 /* Products */;
			projectDirPath = "";
			projectRoot = "";
			targets = (
				7AD1112A1BC9187000909D26 /* XXTest */,
				7AD111431BC9187000909D26 /* XXTestTests */,
			);
		};
/* End PBXProject section */

/* Begin PBXResourcesBuildPhase section */
		7AD111291BC9187000909D26 /* Resources */ = {
			isa = PBXResourcesBuildPhase;
			buildActionMask = 2147483647;
			files = (
				7AD1113A1BC9187000909D26 /* Main.storyboard in Resources */,
				7AD1113F1BC9187000909D26 /* LaunchScreen.xib in Resources */,
				7AD1113C1BC9187000909D26 /* Images.xcassets in Resources */,
			);
			runOnlyForDeploymentPostprocessing = 0;
		};
		7AD111421BC9187000909D26 /* Resources */ = {
			isa = PBXResourcesBuildPhase;
			buildActionMask = 2147483647;
			files = (
			);
			runOnlyForDeploymentPostprocessing = 0;
		};
/* End PBXResourcesBuildPhase section */

/* Begin PBXSourcesBuildPhase section */
		7AD111271BC9187000909D26 /* Sources */ = {
			isa = PBXSourcesBuildPhase;
			buildActionMask = 2147483647;
			files = (
				7AD111371BC9187000909D26 /* ViewController.m in Sources */,
				7AD111341BC9187000909D26 /* AppDelegate.m in Sources */,
				7AD111311BC9187000909D26 /* main.m in Sources */,
			);
			runOnlyForDeploymentPostprocessing = 0;
		};
		7AD111401BC9187000909D26 /* Sources */ = {
			isa = PBXSourcesBuildPhase;
			buildActionMask = 2147483647;
			files = (
				7AD1114B1BC9187000909D26 /* XXTestTests.m in Sources */,
			);
			runOnlyForDeploymentPostprocessing = 0;
		};
/* End PBXSourcesBuildPhase section */

/* Begin PBXTargetDependency section */
		7AD111461BC9187000909D26 /* PBXTargetDependency */ = {
			isa = PBXTargetDependency;
			target = 7AD1112A1BC9187000909D26 /* XXTest */;
			targetProxy = 7AD111451BC9187000909D26 /* PBXContainerItemProxy */;
		};
/* End PBXTargetDependency section */

/* Begin PBXVariantGroup section */
		7AD111381BC9187000909D26 /* Main.storyboard */ = {
			isa = PBXVariantGroup;
			children = (
				7AD111391BC9187000909D26 /* Base */,
			);
			name = Main.storyboard;
			sourceTree = "<group>";
		};
		7AD1113D1BC9187000909D26 /* LaunchScreen.xib */ = {
			isa = PBXVariantGroup;
			children = (
				7AD1113E1BC9187000909D26 /* Base */,
			);
			name = LaunchScreen.xib;
			sourceTree = "<group>";
		};
/* End PBXVariantGroup section */

/* Begin XCBuildConfiguration section */
		7AD1114C1BC9187000909D26 /* Debug */ = {
			isa = XCBuildConfiguration;
			buildSettings = {
				ALWAYS_SEARCH_USER_PATHS = NO;
				CLANG_CXX_LANGUAGE_STANDARD = "gnu++0x";
				CLANG_CXX_LIBRARY = "libc++";
				CLANG_ENABLE_MODULES = YES;
				CLANG_ENABLE_OBJC_ARC = YES;
				CLANG_WARN_BOOL_CONVERSION = YES;
				CLANG_WARN_CONSTANT_CONVERSION = YES;
				CLANG_WARN_DIRECT_OBJC_ISA_USAGE = YES_ERROR;
				CLANG_WARN_EMPTY_BODY = YES;
				CLANG_WARN_ENUM_CONVERSION = YES;
				CLANG_WARN_INT_CONVERSION = YES;
				CLANG_WARN_OBJC_ROOT_CLASS = YES_ERROR;
				CLANG_WARN_UNREACHABLE_CODE = YES;
				CLANG_WARN__DUPLICATE_METHOD_MATCH = YES;
				"CODE_SIGN_IDENTITY[sdk=iphoneos*]" = "iPhone Developer";
				COPY_PHASE_STRIP = NO;
				DEBUG_INFORMATION_FORMAT = "dwarf-with-dsym";
				ENABLE_STRICT_OBJC_MSGSEND = YES;
				GCC_C_LANGUAGE_STANDARD = gnu99;
				GCC_DYNAMIC_NO_PIC = NO;
				GCC_NO_COMMON_BLOCKS = YES;
				GCC_OPTIMIZATION_LEVEL = 0;
				GCC_PREPROCESSOR_DEFINITIONS = (
					"DEBUG=1",
					"$(inherited)",
				);
				GCC_SYMBOLS_PRIVATE_EXTERN = NO;
				GCC_WARN_64_TO_32_BIT_CONVERSION = YES;
				GCC_WARN_ABOUT_RETURN_TYPE = YES_ERROR;
				GCC_WARN_UNDECLARED_SELECTOR = YES;
				GCC_WARN_UNINITIALIZED_AUTOS = YES_AGGRESSIVE;
				GCC_WARN_UNUSED_FUNCTION = YES;
				GCC_WARN_UNUSED_VARIABLE = YES;
				IPHONEOS_DEPLOYMENT_TARGET = 8.4;
				MTL_ENABLE_DEBUG_INFO = YES;
				ONLY_ACTIVE_ARCH = YES;
				SDKROOT = iphoneos;
			};
			name = Debug;
		};
		7AD1114D1BC9187000909D26 /* Release */ = {
			isa = XCBuildConfiguration;
			buildSettings = {
				ALWAYS_SEARCH_USER_PATHS = NO;
				CLANG_CXX_LANGUAGE_STANDARD = "gnu++0x";
				CLANG_CXX_LIBRARY = "libc++";
				CLANG_ENABLE_MODULES = YES;
				CLANG_ENABLE_OBJC_ARC = YES;
				CLANG_WARN_BOOL_CONVERSION = YES;
				CLANG_WARN_CONSTANT_CONVERSION = YES;
				CLANG_WARN_DIRECT_OBJC_ISA_USAGE = YES_ERROR;
				CLANG_WARN_EMPTY_BODY = YES;
				CLANG_WARN_ENUM_CONVERSION = YES;
				CLANG_WARN_INT_CONVERSION = YES;
				CLANG_WARN_OBJC_ROOT_CLASS = YES_ERROR;
				CLANG_WARN_UNREACHABLE_CODE = YES;
				CLANG_WARN__DUPLICATE_METHOD_MATCH = YES;
				"CODE_SIGN_IDENTITY[sdk=iphoneos*]" = "iPhone Developer";
				COPY_PHASE_STRIP = NO;
				DEBUG_INFORMATION_FORMAT = "dwarf-with-dsym";
				ENABLE_NS_ASSERTIONS = NO;
				ENABLE_STRICT_OBJC_MSGSEND = YES;
				GCC_C_LANGUAGE_STANDARD = gnu99;
				GCC_NO_COMMON_BLOCKS = YES;
				GCC_WARN_64_TO_32_BIT_CONVERSION = YES;
				GCC_WARN_ABOUT_RETURN_TYPE = YES_ERROR;
				GCC_WARN_UNDECLARED_SELECTOR = YES;
				GCC_WARN_UNINITIALIZED_AUTOS = YES_AGGRESSIVE;
				GCC_WARN_UNUSED_FUNCTION = YES;
				GCC_WARN_UNUSED_VARIABLE = YES;
				IPHONEOS_DEPLOYMENT_TARGET = 8.4;
				MTL_ENABLE_DEBUG_INFO = NO;
				SDKROOT = iphoneos;
				VALIDATE_PRODUCT = YES;
			};
			name = Release;
		};
		7AD1114F1BC9187000909D26 /* Debug */ = {
			isa = XCBuildConfiguration;
			buildSettings = {
				ASSETCATALOG_COMPILER_APPICON_NAME = AppIcon;
				INFOPLIST_FILE = XXTest/Info.plist;
				LD_RUNPATH_SEARCH_PATHS = "$(inherited) @executable_path/Frameworks";
				PRODUCT_NAME = "$(TARGET_NAME)";
			};
			name = Debug;
		};
		7AD111501BC9187000909D26 /* Release */ = {
			isa = XCBuildConfiguration;
			buildSettings = {
				ASSETCATALOG_COMPILER_APPICON_NAME = AppIcon;
				INFOPLIST_FILE = XXTest/Info.plist;
				LD_RUNPATH_SEARCH_PATHS = "$(inherited) @executable_path/Frameworks";
				PRODUCT_NAME = "$(TARGET_NAME)";
			};
			name = Release;
		};
		7AD111521BC9187000909D26 /* Debug */ = {
			isa = XCBuildConfiguration;
			buildSettings = {
				BUNDLE_LOADER = "$(TEST_HOST)";
				FRAMEWORK_SEARCH_PATHS = (
					"$(SDKROOT)/Developer/Library/Frameworks",
					"$(inherited)",
				);
				GCC_PREPROCESSOR_DEFINITIONS = (
					"DEBUG=1",
					"$(inherited)",
				);
				INFOPLIST_FILE = XXTestTests/Info.plist;
				LD_RUNPATH_SEARCH_PATHS = "$(inherited) @executable_path/Frameworks @loader_path/Frameworks";
				PRODUCT_NAME = "$(TARGET_NAME)";
				TEST_HOST = "$(BUILT_PRODUCTS_DIR)/XXTest.app/XXTest";
			};
			name = Debug;
		};
		7AD111531BC9187000909D26 /* Release */ = {
			isa = XCBuildConfiguration;
			buildSettings = {
				BUNDLE_LOADER = "$(TEST_HOST)";
				FRAMEWORK_SEARCH_PATHS = (
					"$(SDKROOT)/Developer/Library/Frameworks",
					"$(inherited)",
				);
				INFOPLIST_FILE = XXTestTests/Info.plist;
				LD_RUNPATH_SEARCH_PATHS = "$(inherited) @executable_path/Frameworks @loader_path/Frameworks";
				PRODUCT_NAME = "$(TARGET_NAME)";
				TEST_HOST = "$(BUILT_PRODUCTS_DIR)/XXTest.app/XXTest";
			};
			name = Release;
		};
/* End XCBuildConfiguration section */

/* Begin XCConfigurationList section */
		7AD111261BC9187000909D26 /* Build configuration list for PBXProject "XXTest" */ = {
			isa = XCConfigurationList;
			buildConfigurations = (
				7AD1114C1BC9187000909D26 /* Debug */,
				7AD1114D1BC9187000909D26 /* Release */,
			);
			defaultConfigurationIsVisible = 0;
			defaultConfigurationName = Release;
		};
		7AD1114E1BC9187000909D26 /* Build configuration list for PBXNativeTarget "XXTest" */ = {
			isa = XCConfigurationList;
			buildConfigurations = (
				7AD1114F1BC9187000909D26 /* Debug */,
				7AD111501BC9187000909D26 /* Release */,
			);
			defaultConfigurationIsVisible = 0;
		};
		7AD111511BC9187000909D26 /* Build configuration list for PBXNativeTarget "XXTestTests" */ = {
			isa = XCConfigurationList;
			buildConfigurations = (
				7AD111521BC9187000909D26 /* Debug */,
				7AD111531BC9187000909D26 /* Release */,
			);
			defaultConfigurationIsVisible = 0;
		};
/* End XCConfigurationList section */
	};
	rootObject = 7AD111231BC9187000909D26 /* Project object */;
}
